
Microsoft Visual Studio Solution File, Format Version 12.00
# Visual Studio Version 17
VisualStudioVersion = 17.7.34031.279
MinimumVisualStudioVersion = 10.0.40219.1
Project("{2150E333-8FDC-42A3-9474-1A3956D46DE8}") = "Modules", "Modules", "{446CD7C7-CE05-462C-A168-44BDC0305FE5}"
EndProject
Project("{2150E333-8FDC-42A3-9474-1A3956D46DE8}") = "Jues.Base", "Jues.Base", "{E193276F-7B83-4117-8C3B-66FD2762DBE3}"
EndProject
Project("{9A19103F-16F7-4668-BE54-9A1E7A4F7556}") = "Jues.Base.Entities", "Modules\Jues.Base\Jues.Base.Entities\Jues.Base.Entities.csproj", "{72EF289F-9384-44F4-80F2-79D169A5C8BE}"
EndProject
Project("{9A19103F-16F7-4668-BE54-9A1E7A4F7556}") = "Jues.Base.Cores", "Modules\Jues.Base\Jues.Base.Cores\Jues.Base.Cores.csproj", "{1AB04861-5E12-4C2F-95CD-6244B69A6571}"
EndProject
Project("{9A19103F-16F7-4668-BE54-9A1E7A4F7556}") = "Jues.Base.Apps", "Modules\Jues.Base\Jues.Base.Apps\Jues.Base.Apps.csproj", "{1F724AC4-3D98-48B0-A607-24355BEC284B}"
EndProject
Project("{2150E333-8FDC-42A3-9474-1A3956D46DE8}") = "Infrastructure", "Infrastructure", "{BFB5652A-3BB1-4F1E-B305-8ED3279327CB}"
EndProject
Project("{9A19103F-16F7-4668-BE54-9A1E7A4F7556}") = "Jues.Infrastructure", "Infrastructure\Jues.Infrastructure\Jues.Infrastructure.csproj", "{5A25AB9A-FB0B-4322-83D7-8CEC16BC2AA4}"
EndProject
Project("{2150E333-8FDC-42A3-9474-1A3956D46DE8}") = "Host", "Host", "{0EF16B16-DBFD-4761-B368-F82CAD2B1251}"
EndProject
Project("{2150E333-8FDC-42A3-9474-1A3956D46DE8}") = "Common", "Common", "{CCB8CE7A-4A5E-42B0-B413-665DCF10D58B}"
EndProject
Project("{9A19103F-16F7-4668-BE54-9A1E7A4F7556}") = "Jues.Kernel", "Common\Jues.Kernel\Jues.Kernel.csproj", "{11D2E130-24BA-4036-A95C-4191117958CA}"
EndProject
Project("{9A19103F-16F7-4668-BE54-9A1E7A4F7556}") = "Jues.Host.SqlServer", "Host\Jues.Host.SqlServer\Jues.Host.SqlServer.csproj", "{FA081B0B-A95A-46A9-A36C-9FE8D79DF58B}"
EndProject
Project("{9A19103F-16F7-4668-BE54-9A1E7A4F7556}") = "Jues.Service.SqlServer", "Host\Jues.Service.SqlServer\Jues.Service.SqlServer.csproj", "{6B40800F-28C4-49A2-9642-4FD0826C71A0}"
EndProject
Project("{FAE04EC0-301F-11D3-BF4B-00C04F79EFBC}") = "Jues.Host.PostgreSql", "Host\Jues.Host.PostgreSql\Jues.Host.PostgreSql.csproj", "{4CD85B28-F969-436A-A271-245B7BF1D6EE}"
EndProject
Global
	GlobalSection(SolutionConfigurationPlatforms) = preSolution
		Debug|Any CPU = Debug|Any CPU
		Release|Any CPU = Release|Any CPU
	EndGlobalSection
	GlobalSection(ProjectConfigurationPlatforms) = postSolution
		{72EF289F-9384-44F4-80F2-79D169A5C8BE}.Debug|Any CPU.ActiveCfg = Debug|Any CPU
		{72EF289F-9384-44F4-80F2-79D169A5C8BE}.Debug|Any CPU.Build.0 = Debug|Any CPU
		{72EF289F-9384-44F4-80F2-79D169A5C8BE}.Release|Any CPU.ActiveCfg = Release|Any CPU
		{72EF289F-9384-44F4-80F2-79D169A5C8BE}.Release|Any CPU.Build.0 = Release|Any CPU
		{1AB04861-5E12-4C2F-95CD-6244B69A6571}.Debug|Any CPU.ActiveCfg = Debug|Any CPU
		{1AB04861-5E12-4C2F-95CD-6244B69A6571}.Debug|Any CPU.Build.0 = Debug|Any CPU
		{1AB04861-5E12-4C2F-95CD-6244B69A6571}.Release|Any CPU.ActiveCfg = Release|Any CPU
		{1AB04861-5E12-4C2F-95CD-6244B69A6571}.Release|Any CPU.Build.0 = Release|Any CPU
		{1F724AC4-3D98-48B0-A607-24355BEC284B}.Debug|Any CPU.ActiveCfg = Debug|Any CPU
		{1F724AC4-3D98-48B0-A607-24355BEC284B}.Debug|Any CPU.Build.0 = Debug|Any CPU
		{1F724AC4-3D98-48B0-A607-24355BEC284B}.Release|Any CPU.ActiveCfg = Release|Any CPU
		{1F724AC4-3D98-48B0-A607-24355BEC284B}.Release|Any CPU.Build.0 = Release|Any CPU
		{5A25AB9A-FB0B-4322-83D7-8CEC16BC2AA4}.Debug|Any CPU.ActiveCfg = Debug|Any CPU
		{5A25AB9A-FB0B-4322-83D7-8CEC16BC2AA4}.Debug|Any CPU.Build.0 = Debug|Any CPU
		{5A25AB9A-FB0B-4322-83D7-8CEC16BC2AA4}.Release|Any CPU.ActiveCfg = Release|Any CPU
		{5A25AB9A-FB0B-4322-83D7-8CEC16BC2AA4}.Release|Any CPU.Build.0 = Release|Any CPU
		{11D2E130-24BA-4036-A95C-4191117958CA}.Debug|Any CPU.ActiveCfg = Debug|Any CPU
		{11D2E130-24BA-4036-A95C-4191117958CA}.Debug|Any CPU.Build.0 = Debug|Any CPU
		{11D2E130-24BA-4036-A95C-4191117958CA}.Release|Any CPU.ActiveCfg = Release|Any CPU
		{11D2E130-24BA-4036-A95C-4191117958CA}.Release|Any CPU.Build.0 = Release|Any CPU
		{FA081B0B-A95A-46A9-A36C-9FE8D79DF58B}.Debug|Any CPU.ActiveCfg = Debug|Any CPU
		{FA081B0B-A95A-46A9-A36C-9FE8D79DF58B}.Debug|Any CPU.Build.0 = Debug|Any CPU
		{FA081B0B-A95A-46A9-A36C-9FE8D79DF58B}.Release|Any CPU.ActiveCfg = Release|Any CPU
		{FA081B0B-A95A-46A9-A36C-9FE8D79DF58B}.Release|Any CPU.Build.0 = Release|Any CPU
		{6B40800F-28C4-49A2-9642-4FD0826C71A0}.Debug|Any CPU.ActiveCfg = Debug|Any CPU
		{6B40800F-28C4-49A2-9642-4FD0826C71A0}.Debug|Any CPU.Build.0 = Debug|Any CPU
		{6B40800F-28C4-49A2-9642-4FD0826C71A0}.Release|Any CPU.ActiveCfg = Release|Any CPU
		{6B40800F-28C4-49A2-9642-4FD0826C71A0}.Release|Any CPU.Build.0 = Release|Any CPU
		{4CD85B28-F969-436A-A271-245B7BF1D6EE}.Debug|Any CPU.ActiveCfg = Debug|Any CPU
		{4CD85B28-F969-436A-A271-245B7BF1D6EE}.Debug|Any CPU.Build.0 = Debug|Any CPU
		{4CD85B28-F969-436A-A271-245B7BF1D6EE}.Release|Any CPU.ActiveCfg = Release|Any CPU
		{4CD85B28-F969-436A-A271-245B7BF1D6EE}.Release|Any CPU.Build.0 = Release|Any CPU
	EndGlobalSection
	GlobalSection(SolutionProperties) = preSolution
		HideSolutionNode = FALSE
	EndGlobalSection
	GlobalSection(NestedProjects) = preSolution
		{E193276F-7B83-4117-8C3B-66FD2762DBE3} = {446CD7C7-CE05-462C-A168-44BDC0305FE5}
		{72EF289F-9384-44F4-80F2-79D169A5C8BE} = {E193276F-7B83-4117-8C3B-66FD2762DBE3}
		{1AB04861-5E12-4C2F-95CD-6244B69A6571} = {E193276F-7B83-4117-8C3B-66FD2762DBE3}
		{1F724AC4-3D98-48B0-A607-24355BEC284B} = {E193276F-7B83-4117-8C3B-66FD2762DBE3}
		{5A25AB9A-FB0B-4322-83D7-8CEC16BC2AA4} = {BFB5652A-3BB1-4F1E-B305-8ED3279327CB}
		{11D2E130-24BA-4036-A95C-4191117958CA} = {CCB8CE7A-4A5E-42B0-B413-665DCF10D58B}
		{FA081B0B-A95A-46A9-A36C-9FE8D79DF58B} = {0EF16B16-DBFD-4761-B368-F82CAD2B1251}
		{6B40800F-28C4-49A2-9642-4FD0826C71A0} = {0EF16B16-DBFD-4761-B368-F82CAD2B1251}
		{4CD85B28-F969-436A-A271-245B7BF1D6EE} = {0EF16B16-DBFD-4761-B368-F82CAD2B1251}
	EndGlobalSection
	GlobalSection(ExtensibilityGlobals) = postSolution
		SolutionGuid = {76FA7D81-6D4F-4E14-AC14-D6B975977827}
	EndGlobalSection
EndGlobal
