Microsoft Visual Studio Solution File, Format Version 12.00
# Visual Studio Version 17
VisualStudioVersion = 17.7.34031.279
MinimumVisualStudioVersion = 10.0.40219.1
Project("{D5E48990-EE06-4378-9ACD-00D391A738D9}") = "Jues.Base.Host", "Jues.Base.Host\Jues.Base.Host.csproj", "{7A165CC2-A65F-457E-A1AF-5671108E23DA}"
EndProject
Project("{D5E48990-EE06-4378-9ACD-00D391A738D9}") = "Jues.Base.Apps", "Jues.Base.Apps\Jues.Base.Apps.csproj", "{81072926-C817-437C-BC48-984A45477178}"
EndProject
Project("{D5E48990-EE06-4378-9ACD-00D391A738D9}") = "Jues.Base.Cores", "Jues.Base.Cores\Jues.Base.Cores.csproj", "{C6F0805E-A78D-4D93-91BD-6A7C9BF3EC35}"
EndProject
Project("{D5E48990-EE06-4378-9ACD-00D391A738D9}") = "Jues.Base.Entities", "Jues.Base.Entities\Jues.Base.Entities.csproj", "{2F5E9143-E697-477F-87B4-AA0A57675DD0}"
EndProject
Project("{D5E48990-EE06-4378-9ACD-00D391A738D9}") = "Jues.Configure", "..\..\Jues.Configure\Jues.Configure.csproj", "{035573FA-5D60-4597-815C-FA213A9BE891}"
EndProject
Project("{D5E48990-EE06-4378-9ACD-00D391A738D9}") = "Jues.Infrastructure", "..\..\Jues.Infrastructure\Jues.Infrastructure.csproj", "{80E6D0B2-B809-4FBE-9582-3CE90C051B62}"
EndProject
Global
	GlobalSection(SolutionConfigurationPlatforms) = preSolution
		Debug|Any CPU = Debug|Any CPU
		Release|Any CPU = Release|Any CPU
	EndGlobalSection
	GlobalSection(ProjectConfigurationPlatforms) = postSolution
		{7A165CC2-A65F-457E-A1AF-5671108E23DA}.Debug|Any CPU.ActiveCfg = Debug|Any CPU
		{7A165CC2-A65F-457E-A1AF-5671108E23DA}.Debug|Any CPU.Build.0 = Debug|Any CPU
		{7A165CC2-A65F-457E-A1AF-5671108E23DA}.Release|Any CPU.ActiveCfg = Release|Any CPU
		{7A165CC2-A65F-457E-A1AF-5671108E23DA}.Release|Any CPU.Build.0 = Release|Any CPU
        {81072926-C817-437C-BC48-984A45477178}.Debug|Any CPU.ActiveCfg = Debug|Any CPU
		{81072926-C817-437C-BC48-984A45477178}.Debug|Any CPU.Build.0 = Debug|Any CPU
		{81072926-C817-437C-BC48-984A45477178}.Release|Any CPU.ActiveCfg = Release|Any CPU
		{81072926-C817-437C-BC48-984A45477178}.Release|Any CPU.Build.0 = Release|Any CPU
        {C6F0805E-A78D-4D93-91BD-6A7C9BF3EC35}.Debug|Any CPU.ActiveCfg = Debug|Any CPU
		{C6F0805E-A78D-4D93-91BD-6A7C9BF3EC35}.Debug|Any CPU.Build.0 = Debug|Any CPU
		{C6F0805E-A78D-4D93-91BD-6A7C9BF3EC35}.Release|Any CPU.ActiveCfg = Release|Any CPU
		{C6F0805E-A78D-4D93-91BD-6A7C9BF3EC35}.Release|Any CPU.Build.0 = Release|Any CPU
        {2F5E9143-E697-477F-87B4-AA0A57675DD0}.Debug|Any CPU.ActiveCfg = Debug|Any CPU
		{2F5E9143-E697-477F-87B4-AA0A57675DD0}.Debug|Any CPU.Build.0 = Debug|Any CPU
		{2F5E9143-E697-477F-87B4-AA0A57675DD0}.Release|Any CPU.ActiveCfg = Release|Any CPU
		{2F5E9143-E697-477F-87B4-AA0A57675DD0}.Release|Any CPU.Build.0 = Release|Any CPU
		{035573FA-5D60-4597-815C-FA213A9BE891}.Debug|Any CPU.ActiveCfg = Debug|Any CPU
		{035573FA-5D60-4597-815C-FA213A9BE891}.Debug|Any CPU.Build.0 = Debug|Any CPU
		{035573FA-5D60-4597-815C-FA213A9BE891}.Release|Any CPU.ActiveCfg = Release|Any CPU
		{035573FA-5D60-4597-815C-FA213A9BE891}.Release|Any CPU.Build.0 = Release|Any CPU
		{80E6D0B2-B809-4FBE-9582-3CE90C051B62}.Debug|Any CPU.ActiveCfg = Debug|Any CPU
		{80E6D0B2-B809-4FBE-9582-3CE90C051B62}.Debug|Any CPU.Build.0 = Debug|Any CPU
		{80E6D0B2-B809-4FBE-9582-3CE90C051B62}.Release|Any CPU.ActiveCfg = Release|Any CPU
		{80E6D0B2-B809-4FBE-9582-3CE90C051B62}.Release|Any CPU.Build.0 = Release|Any CPU
	EndGlobalSection
	GlobalSection(SolutionProperties) = preSolution
		HideSolutionNode = FALSE
	EndGlobalSection
	GlobalSection(ExtensibilityGlobals) = postSolution
		SolutionGuid = {445DD8BB-B168-4B4B-B60E-E5E2FBF07871}
	EndGlobalSection
EndGlobal
